
Microsoft Visual Studio Solution File, Format Version 12.00
# Visual Studio 15
VisualStudioVersion = 15.0.28307.2017
MinimumVisualStudioVersion = 10.0.40219.1
Project("{8BC9CEB8-8B4A-11D0-8D11-00A0C91BC942}") = "QtDemo_addressBook", "QtDemo_addressBook\QtDemo_addressBook.vcxproj", "{BFABB1E5-108C-4EAD-B331-11306E72CD13}"
EndProject
Project("{8BC9CEB8-8B4A-11D0-8D11-00A0C91BC942}") = "QtDemo_http", "QtDemo_http\QtDemo_http.vcxproj", "{BCB48230-C4C5-4F84-A42E-7A3BFEA23799}"
EndProject
Project("{8BC9CEB8-8B4A-11D0-8D11-00A0C91BC942}") = "QtDemo_2DPaintingExample", "QtDemo_2DPaintingExample\QtDemo_2DPaintingExample.vcxproj", "{EA8FD188-1747-429D-A280-EE26477C00B2}"
EndProject
Project("{8BC9CEB8-8B4A-11D0-8D11-00A0C91BC942}") = "QtDemo_basicDrawing", "QtDemo_basicDrawing\QtDemo_basicDrawing.vcxproj", "{09C3A2D9-0AA5-41B8-AB21-46D99FCA4F1B}"
EndProject
Global
	GlobalSection(SolutionConfigurationPlatforms) = preSolution
		Debug|x64 = Debug|x64
		Release|x64 = Release|x64
	EndGlobalSection
	GlobalSection(ProjectConfigurationPlatforms) = postSolution
		{BFABB1E5-108C-4EAD-B331-11306E72CD13}.Debug|x64.ActiveCfg = Release|x64
		{BFABB1E5-108C-4EAD-B331-11306E72CD13}.Debug|x64.Build.0 = Release|x64
		{BFABB1E5-108C-4EAD-B331-11306E72CD13}.Release|x64.ActiveCfg = Release|x64
		{BFABB1E5-108C-4EAD-B331-11306E72CD13}.Release|x64.Build.0 = Release|x64
		{BCB48230-C4C5-4F84-A42E-7A3BFEA23799}.Debug|x64.ActiveCfg = Debug|x64
		{BCB48230-C4C5-4F84-A42E-7A3BFEA23799}.Debug|x64.Build.0 = Debug|x64
		{BCB48230-C4C5-4F84-A42E-7A3BFEA23799}.Release|x64.ActiveCfg = Release|x64
		{BCB48230-C4C5-4F84-A42E-7A3BFEA23799}.Release|x64.Build.0 = Release|x64
		{EA8FD188-1747-429D-A280-EE26477C00B2}.Debug|x64.ActiveCfg = Debug|x64
		{EA8FD188-1747-429D-A280-EE26477C00B2}.Debug|x64.Build.0 = Debug|x64
		{EA8FD188-1747-429D-A280-EE26477C00B2}.Release|x64.ActiveCfg = Release|x64
		{EA8FD188-1747-429D-A280-EE26477C00B2}.Release|x64.Build.0 = Release|x64
		{09C3A2D9-0AA5-41B8-AB21-46D99FCA4F1B}.Debug|x64.ActiveCfg = Debug|x64
		{09C3A2D9-0AA5-41B8-AB21-46D99FCA4F1B}.Debug|x64.Build.0 = Debug|x64
		{09C3A2D9-0AA5-41B8-AB21-46D99FCA4F1B}.Release|x64.ActiveCfg = Release|x64
		{09C3A2D9-0AA5-41B8-AB21-46D99FCA4F1B}.Release|x64.Build.0 = Release|x64
	EndGlobalSection
	GlobalSection(SolutionProperties) = preSolution
		HideSolutionNode = FALSE
	EndGlobalSection
	GlobalSection(ExtensibilityGlobals) = postSolution
		SolutionGuid = {6ED1F5EB-4950-4CE2-8210-9B79AB8FB0E1}
	EndGlobalSection
EndGlobal
